
Microsoft Visual Studio Solution File, Format Version 12.00
# Visual Studio 14
VisualStudioVersion = 14.0.25420.1
MinimumVisualStudioVersion = 10.0.40219.1
Project("{2150E333-8FDC-42A3-9474-1A3956D46DE8}") = "src", "src", "{FFBA9AB5-F6BE-4767-820A-EF48023074E8}"
EndProject
Project("{2150E333-8FDC-42A3-9474-1A3956D46DE8}") = "Solution Items", "Solution Items", "{9FEA4310-B821-4D60-9D82-A8AFBEB2FCFC}"
	ProjectSection(SolutionItems) = preProject
		global.json = global.json
	EndProjectSection
EndProject
Project("{8BB2217D-0F2D-49D1-97BC-3654ED321F3B}") = "OryxESS.Entities", "src\OryxEss.Entities\OryxESS.Entities.xproj", "{64840563-CAF4-4F1D-8DD1-2C6E0104B5E3}"
EndProject
Project("{8BB2217D-0F2D-49D1-97BC-3654ED321F3B}") = "OryxESS.Data", "src\OryxESS.Data\OryxESS.Data.xproj", "{67127A10-9E71-4C0E-807C-BCEE2D48611A}"
EndProject
Project("{8BB2217D-0F2D-49D1-97BC-3654ED321F3B}") = "OryxESS.webapi", "src\OryxESS.webapi\OryxESS.webapi.xproj", "{0B460AF6-F165-4E51-889D-F0211012EF23}"
EndProject
Project("{8BB2217D-0F2D-49D1-97BC-3654ED321F3B}") = "OryxMCI.Entities", "src\OryxMCI.Entities\OryxMCI.Entities.xproj", "{DBD62E9B-4A0F-41E4-9FE4-FD7493993B83}"
EndProject
Project("{8BB2217D-0F2D-49D1-97BC-3654ED321F3B}") = "OryxMCI.Data", "src\OryxMCI.Data\OryxMCI.Data.xproj", "{7E445021-B52C-40F7-A0BF-831CB8DF2F0A}"
EndProject
Project("{8BB2217D-0F2D-49D1-97BC-3654ED321F3B}") = "OryxMCI.webapi", "src\OryxMCI.webapi\OryxMCI.webapi.xproj", "{0A98276E-DE7B-4F3A-BEF9-CA2F9B6D2C93}"
EndProject
Project("{FAE04EC0-301F-11D3-BF4B-00C04F79EFBC}") = "OryxMCI.Web", "src\OryxMCI.Web\OryxMCI.Web.csproj", "{E75BF7DD-534E-4980-B0F5-4DA87B1F8E73}"
EndProject
Project("{FAE04EC0-301F-11D3-BF4B-00C04F79EFBC}") = "OryxESS.Web", "src\OryxESS.Web\OryxESS.Web.csproj", "{F6DA1A38-F209-42FD-8855-EA04F1E0DE80}"
EndProject
Project("{8BB2217D-0F2D-49D1-97BC-3654ED321F3B}") = "TestStateless", "src\TestStateless\TestStateless.xproj", "{88781FBC-B2D8-4A75-93C8-150F6DB3C449}"
EndProject
Project("{8BB2217D-0F2D-49D1-97BC-3654ED321F3B}") = "IdentityServer", "src\IdentityServer\IdentityServer.xproj", "{3C5C5607-4795-48CE-9C09-F621E7A7016D}"
EndProject
Project("{8BB2217D-0F2D-49D1-97BC-3654ED321F3B}") = "OryxStateless", "src\OryxStateless\OryxStateless.xproj", "{931910BA-6BFE-4E8F-A82E-0687595F8886}"
EndProject
Global
	GlobalSection(SolutionConfigurationPlatforms) = preSolution
		Debug|Any CPU = Debug|Any CPU
		Release|Any CPU = Release|Any CPU
	EndGlobalSection
	GlobalSection(ProjectConfigurationPlatforms) = postSolution
		{64840563-CAF4-4F1D-8DD1-2C6E0104B5E3}.Debug|Any CPU.ActiveCfg = Debug|Any CPU
		{64840563-CAF4-4F1D-8DD1-2C6E0104B5E3}.Release|Any CPU.ActiveCfg = Release|Any CPU
		{67127A10-9E71-4C0E-807C-BCEE2D48611A}.Debug|Any CPU.ActiveCfg = Debug|Any CPU
		{67127A10-9E71-4C0E-807C-BCEE2D48611A}.Release|Any CPU.ActiveCfg = Release|Any CPU
		{0B460AF6-F165-4E51-889D-F0211012EF23}.Debug|Any CPU.ActiveCfg = Debug|Any CPU
		{0B460AF6-F165-4E51-889D-F0211012EF23}.Debug|Any CPU.Deploy.0 = Debug|Any CPU
		{0B460AF6-F165-4E51-889D-F0211012EF23}.Release|Any CPU.ActiveCfg = Release|Any CPU
		{DBD62E9B-4A0F-41E4-9FE4-FD7493993B83}.Debug|Any CPU.ActiveCfg = Debug|Any CPU
		{DBD62E9B-4A0F-41E4-9FE4-FD7493993B83}.Debug|Any CPU.Build.0 = Debug|Any CPU
		{DBD62E9B-4A0F-41E4-9FE4-FD7493993B83}.Release|Any CPU.ActiveCfg = Release|Any CPU
		{7E445021-B52C-40F7-A0BF-831CB8DF2F0A}.Debug|Any CPU.ActiveCfg = Debug|Any CPU
		{7E445021-B52C-40F7-A0BF-831CB8DF2F0A}.Debug|Any CPU.Build.0 = Debug|Any CPU
		{7E445021-B52C-40F7-A0BF-831CB8DF2F0A}.Release|Any CPU.ActiveCfg = Release|Any CPU
		{0A98276E-DE7B-4F3A-BEF9-CA2F9B6D2C93}.Debug|Any CPU.ActiveCfg = Debug|Any CPU
		{0A98276E-DE7B-4F3A-BEF9-CA2F9B6D2C93}.Debug|Any CPU.Build.0 = Debug|Any CPU
		{0A98276E-DE7B-4F3A-BEF9-CA2F9B6D2C93}.Release|Any CPU.ActiveCfg = Release|Any CPU
		{E75BF7DD-534E-4980-B0F5-4DA87B1F8E73}.Debug|Any CPU.ActiveCfg = Debug|Any CPU
		{E75BF7DD-534E-4980-B0F5-4DA87B1F8E73}.Release|Any CPU.ActiveCfg = Release|Any CPU
		{F6DA1A38-F209-42FD-8855-EA04F1E0DE80}.Debug|Any CPU.ActiveCfg = Debug|Any CPU
		{F6DA1A38-F209-42FD-8855-EA04F1E0DE80}.Release|Any CPU.ActiveCfg = Release|Any CPU
		{88781FBC-B2D8-4A75-93C8-150F6DB3C449}.Debug|Any CPU.ActiveCfg = Debug|Any CPU
		{88781FBC-B2D8-4A75-93C8-150F6DB3C449}.Release|Any CPU.ActiveCfg = Release|Any CPU
		{3C5C5607-4795-48CE-9C09-F621E7A7016D}.Debug|Any CPU.ActiveCfg = Debug|Any CPU
		{3C5C5607-4795-48CE-9C09-F621E7A7016D}.Debug|Any CPU.Build.0 = Debug|Any CPU
		{3C5C5607-4795-48CE-9C09-F621E7A7016D}.Release|Any CPU.ActiveCfg = Release|Any CPU
		{3C5C5607-4795-48CE-9C09-F621E7A7016D}.Release|Any CPU.Build.0 = Release|Any CPU
		{931910BA-6BFE-4E8F-A82E-0687595F8886}.Debug|Any CPU.ActiveCfg = Debug|Any CPU
		{931910BA-6BFE-4E8F-A82E-0687595F8886}.Debug|Any CPU.Build.0 = Debug|Any CPU
		{931910BA-6BFE-4E8F-A82E-0687595F8886}.Release|Any CPU.ActiveCfg = Release|Any CPU
		{931910BA-6BFE-4E8F-A82E-0687595F8886}.Release|Any CPU.Build.0 = Release|Any CPU
	EndGlobalSection
	GlobalSection(SolutionProperties) = preSolution
		HideSolutionNode = FALSE
	EndGlobalSection
	GlobalSection(NestedProjects) = preSolution
		{64840563-CAF4-4F1D-8DD1-2C6E0104B5E3} = {FFBA9AB5-F6BE-4767-820A-EF48023074E8}
		{67127A10-9E71-4C0E-807C-BCEE2D48611A} = {FFBA9AB5-F6BE-4767-820A-EF48023074E8}
		{0B460AF6-F165-4E51-889D-F0211012EF23} = {FFBA9AB5-F6BE-4767-820A-EF48023074E8}
		{DBD62E9B-4A0F-41E4-9FE4-FD7493993B83} = {FFBA9AB5-F6BE-4767-820A-EF48023074E8}
		{7E445021-B52C-40F7-A0BF-831CB8DF2F0A} = {FFBA9AB5-F6BE-4767-820A-EF48023074E8}
		{0A98276E-DE7B-4F3A-BEF9-CA2F9B6D2C93} = {FFBA9AB5-F6BE-4767-820A-EF48023074E8}
		{E75BF7DD-534E-4980-B0F5-4DA87B1F8E73} = {FFBA9AB5-F6BE-4767-820A-EF48023074E8}
		{F6DA1A38-F209-42FD-8855-EA04F1E0DE80} = {FFBA9AB5-F6BE-4767-820A-EF48023074E8}
		{88781FBC-B2D8-4A75-93C8-150F6DB3C449} = {FFBA9AB5-F6BE-4767-820A-EF48023074E8}
		{3C5C5607-4795-48CE-9C09-F621E7A7016D} = {FFBA9AB5-F6BE-4767-820A-EF48023074E8}
		{931910BA-6BFE-4E8F-A82E-0687595F8886} = {FFBA9AB5-F6BE-4767-820A-EF48023074E8}
	EndGlobalSection
EndGlobal
